
Microsoft Visual Studio Solution File, Format Version 12.00
# Visual Studio Version 17
VisualStudioVersion = 17.8.34323.190
MinimumVisualStudioVersion = 10.0.40219.1
Project("{FAE04EC0-301F-11D3-BF4B-00C04F79EFBC}") = "digital-business-card", "digital-business-card.csproj", "{77A514B9-FAA8-4487-9E5C-C85FE4159EBF}"
EndProject
Global
	GlobalSection(SolutionConfigurationPlatforms) = preSolution
		Debug|Any CPU = Debug|Any CPU
		Release|Any CPU = Release|Any CPU
	EndGlobalSection
	GlobalSection(ProjectConfigurationPlatforms) = postSolution
		{77A514B9-FAA8-4487-9E5C-C85FE4159EBF}.Debug|Any CPU.ActiveCfg = Debug|Any CPU
		{77A514B9-FAA8-4487-9E5C-C85FE4159EBF}.Debug|Any CPU.Build.0 = Debug|Any CPU
		{77A514B9-FAA8-4487-9E5C-C85FE4159EBF}.Release|Any CPU.ActiveCfg = Release|Any CPU
		{77A514B9-FAA8-4487-9E5C-C85FE4159EBF}.Release|Any CPU.Build.0 = Release|Any CPU
	EndGlobalSection
	GlobalSection(SolutionProperties) = preSolution
		HideSolutionNode = FALSE
	EndGlobalSection
	GlobalSection(ExtensibilityGlobals) = postSolution
		SolutionGuid = {00968276-2B38-42F7-A652-E7A8DADEA3CB}
	EndGlobalSection
EndGlobal
